{
  "name": "interface",
  "version": "0.0.1",
  "lockfileVersion": 1,
  "requires": true,
  "dependencies": {
    "hammerjs": {
      "version": "2.0.8",
      "resolved": "https://registry.npmjs.org/hammerjs/-/hammerjs-2.0.8.tgz",
      "integrity": "sha1-BO93hiz/K7edMPdpIJWTAiK/YPE="
    },
    "jquery": {
      "version": "3.2.1",
      "resolved": "https://registry.npmjs.org/jquery/-/jquery-3.2.1.tgz",
      "integrity": "sha1-XE2d5lKvbNCncBVKYxu6ErAVx4c="
    },
    "jquery-circle-progress": {
      "version": "1.2.2",
      "resolved": "https://registry.npmjs.org/jquery-circle-progress/-/jquery-circle-progress-1.2.2.tgz",
      "integrity": "sha1-Jg6RMKyOK1Vy6qepO56Kaye8juo=",
      "requires": {
        "jquery": "3.2.1"
      }
    },
    "mathjax": {
      "version": "2.7.1",
      "resolved": "https://registry.npmjs.org/mathjax/-/mathjax-2.7.1.tgz",
      "integrity": "sha1-yC0vhTsvWPc44zVTKa3wstj4+s4="
    },
    "mathjax-electron": {
      "version": "2.0.1",
      "resolved": "https://registry.npmjs.org/mathjax-electron/-/mathjax-electron-2.0.1.tgz",
      "integrity": "sha1-2gRKC/n/9HDgHA+zGXS8eYbnMj0="
    },
    "vue": {
      "version": "2.4.1",
      "resolved": "https://registry.npmjs.org/vue/-/vue-2.4.1.tgz",
      "integrity": "sha512-V/3mbqPeXJf+AEdm2Qdrho8ADjN2/Th+q7abrDqQrGaERgtlGPLe8SRLDzJ2eNEV4Gh+L8T/vfbxb2sLUfwYbA=="
    }
  }
}
