{
  "name": "SATSolver",
  "version": "0.0.1",
  "lockfileVersion": 1,
  "requires": true,
  "dependencies": {
    "electron-canvas-to-buffer": {
      "version": "2.0.0",
      "resolved": "https://registry.npmjs.org/electron-canvas-to-buffer/-/electron-canvas-to-buffer-2.0.0.tgz",
      "integrity": "sha1-2pLNc0LkezsN3io655l45aB2FoE="
    },
    "hammerjs": {
      "version": "2.0.8",
      "resolved": "https://registry.npmjs.org/hammerjs/-/hammerjs-2.0.8.tgz",
      "integrity": "sha1-BO93hiz/K7edMPdpIJWTAiK/YPE="
    },
    "jquery": {
      "version": "3.2.1",
      "resolved": "https://registry.npmjs.org/jquery/-/jquery-3.2.1.tgz",
      "integrity": "sha1-XE2d5lKvbNCncBVKYxu6ErAVx4c="
    },
    "jquery-circle-progress": {
      "version": "1.2.2",
      "resolved": "https://registry.npmjs.org/jquery-circle-progress/-/jquery-circle-progress-1.2.2.tgz",
      "integrity": "sha1-Jg6RMKyOK1Vy6qepO56Kaye8juo=",
      "requires": {
        "jquery": "3.2.1"
      }
    },
    "progressbar.js": {
      "version": "1.0.1",
      "resolved": "https://registry.npmjs.org/progressbar.js/-/progressbar.js-1.0.1.tgz",
      "integrity": "sha1-9/v8GVJA/guzL2972y5/9ADqcfk=",
      "requires": {
        "shifty": "1.5.4"
      }
    },
    "shifty": {
      "version": "1.5.4",
      "resolved": "https://registry.npmjs.org/shifty/-/shifty-1.5.4.tgz",
      "integrity": "sha1-1DYvyRTdKA3fblIr5AiyEgMgg0Y="
    },
    "vue": {
      "version": "2.4.1",
      "resolved": "https://registry.npmjs.org/vue/-/vue-2.4.1.tgz",
      "integrity": "sha512-V/3mbqPeXJf+AEdm2Qdrho8ADjN2/Th+q7abrDqQrGaERgtlGPLe8SRLDzJ2eNEV4Gh+L8T/vfbxb2sLUfwYbA=="
    }
  }
}
