{
  "name": "interface",
  "version": "0.0.1",
  "lockfileVersion": 1,
  "dependencies": {
    "hammerjs": {
      "version": "2.0.8",
      "resolved": "https://registry.npmjs.org/hammerjs/-/hammerjs-2.0.8.tgz",
      "integrity": "sha1-BO93hiz/K7edMPdpIJWTAiK/YPE="
    },
    "jquery": {
      "version": "3.2.1",
      "resolved": "https://registry.npmjs.org/jquery/-/jquery-3.2.1.tgz",
      "integrity": "sha1-XE2d5lKvbNCncBVKYxu6ErAVx4c="
    },
    "jquery-circle-progress": {
      "version": "1.2.2",
      "resolved": "https://registry.npmjs.org/jquery-circle-progress/-/jquery-circle-progress-1.2.2.tgz",
      "integrity": "sha1-Jg6RMKyOK1Vy6qepO56Kaye8juo="
    }
  }
}
